dependencies:
- name: postgresql
  repository: https://charts.bitnami.com/bitnami
  version: 10.10.1
- name: ssi-tails-server
  repository: https://my-digi-id.github.io/ssi-helm-charts/
  version: 0.1.4
digest: sha256:bc1bebc72dac9fa8bdc255878018f7a99e4ea2fe26990ce9bc94ebd8b950afd9
generated: "2021-11-05T18:43:00.605428769+01:00"
